
Microsoft Visual Studio Solution File, Format Version 12.00
# Visual Studio 2012
Project("{FAE04EC0-301F-11D3-BF4B-00C04F79EFBC}") = "YourTest.Android", "YourTest.Android\YourTest.Android.csproj", "{375DF8F6-F768-446A-A879-4F2FF5CF4FC4}"
EndProject
Project("{FAE04EC0-301F-11D3-BF4B-00C04F79EFBC}") = "YourTest.iOS", "YourTest.iOS\YourTest.iOS.csproj", "{2B3192F7-1CB4-4AC2-B1BC-812834290657}"
EndProject
Project("{FAE04EC0-301F-11D3-BF4B-00C04F79EFBC}") = "YourTest", "YourTest\YourTest.csproj", "{C4231BE5-119C-4E7A-A185-4AF935C65404}"
EndProject
Global
	GlobalSection(SolutionConfigurationPlatforms) = preSolution
		Debug|Any CPU = Debug|Any CPU
		Release|Any CPU = Release|Any CPU
		Debug|iPhoneSimulator = Debug|iPhoneSimulator
		Release|iPhoneSimulator = Release|iPhoneSimulator
		Debug|iPhone = Debug|iPhone
		Release|iPhone = Release|iPhone
		Ad-Hoc|iPhone = Ad-Hoc|iPhone
		AppStore|iPhone = AppStore|iPhone
	EndGlobalSection
	GlobalSection(ProjectConfigurationPlatforms) = postSolution
		{375DF8F6-F768-446A-A879-4F2FF5CF4FC4}.Debug|Any CPU.ActiveCfg = Debug|Any CPU
		{375DF8F6-F768-446A-A879-4F2FF5CF4FC4}.Debug|Any CPU.Build.0 = Debug|Any CPU
		{375DF8F6-F768-446A-A879-4F2FF5CF4FC4}.Release|Any CPU.ActiveCfg = Release|Any CPU
		{375DF8F6-F768-446A-A879-4F2FF5CF4FC4}.Release|Any CPU.Build.0 = Release|Any CPU
		{375DF8F6-F768-446A-A879-4F2FF5CF4FC4}.Debug|iPhoneSimulator.ActiveCfg = Debug|Any CPU
		{375DF8F6-F768-446A-A879-4F2FF5CF4FC4}.Debug|iPhoneSimulator.Build.0 = Debug|Any CPU
		{375DF8F6-F768-446A-A879-4F2FF5CF4FC4}.Release|iPhoneSimulator.ActiveCfg = Release|Any CPU
		{375DF8F6-F768-446A-A879-4F2FF5CF4FC4}.Release|iPhoneSimulator.Build.0 = Release|Any CPU
		{375DF8F6-F768-446A-A879-4F2FF5CF4FC4}.Debug|iPhone.ActiveCfg = Debug|Any CPU
		{375DF8F6-F768-446A-A879-4F2FF5CF4FC4}.Debug|iPhone.Build.0 = Debug|Any CPU
		{375DF8F6-F768-446A-A879-4F2FF5CF4FC4}.Release|iPhone.ActiveCfg = Release|Any CPU
		{375DF8F6-F768-446A-A879-4F2FF5CF4FC4}.Release|iPhone.Build.0 = Release|Any CPU
		{375DF8F6-F768-446A-A879-4F2FF5CF4FC4}.Ad-Hoc|iPhone.ActiveCfg = Debug|Any CPU
		{375DF8F6-F768-446A-A879-4F2FF5CF4FC4}.Ad-Hoc|iPhone.Build.0 = Debug|Any CPU
		{375DF8F6-F768-446A-A879-4F2FF5CF4FC4}.AppStore|iPhone.ActiveCfg = Debug|Any CPU
		{375DF8F6-F768-446A-A879-4F2FF5CF4FC4}.AppStore|iPhone.Build.0 = Debug|Any CPU
		{2B3192F7-1CB4-4AC2-B1BC-812834290657}.Debug|Any CPU.ActiveCfg = Debug|iPhoneSimulator
		{2B3192F7-1CB4-4AC2-B1BC-812834290657}.Debug|Any CPU.Build.0 = Debug|iPhoneSimulator
		{2B3192F7-1CB4-4AC2-B1BC-812834290657}.Release|Any CPU.ActiveCfg = Release|iPhoneSimulator
		{2B3192F7-1CB4-4AC2-B1BC-812834290657}.Release|Any CPU.Build.0 = Release|iPhoneSimulator
		{2B3192F7-1CB4-4AC2-B1BC-812834290657}.Debug|iPhoneSimulator.ActiveCfg = Debug|iPhoneSimulator
		{2B3192F7-1CB4-4AC2-B1BC-812834290657}.Debug|iPhoneSimulator.Build.0 = Debug|iPhoneSimulator
		{2B3192F7-1CB4-4AC2-B1BC-812834290657}.Release|iPhoneSimulator.ActiveCfg = Release|iPhoneSimulator
		{2B3192F7-1CB4-4AC2-B1BC-812834290657}.Release|iPhoneSimulator.Build.0 = Release|iPhoneSimulator
		{2B3192F7-1CB4-4AC2-B1BC-812834290657}.Debug|iPhone.ActiveCfg = Debug|iPhone
		{2B3192F7-1CB4-4AC2-B1BC-812834290657}.Debug|iPhone.Build.0 = Debug|iPhone
		{2B3192F7-1CB4-4AC2-B1BC-812834290657}.Release|iPhone.ActiveCfg = Release|iPhone
		{2B3192F7-1CB4-4AC2-B1BC-812834290657}.Release|iPhone.Build.0 = Release|iPhone
		{2B3192F7-1CB4-4AC2-B1BC-812834290657}.Ad-Hoc|iPhone.ActiveCfg = Ad-Hoc|iPhone
		{2B3192F7-1CB4-4AC2-B1BC-812834290657}.Ad-Hoc|iPhone.Build.0 = Ad-Hoc|iPhone
		{2B3192F7-1CB4-4AC2-B1BC-812834290657}.AppStore|iPhone.ActiveCfg = AppStore|iPhone
		{2B3192F7-1CB4-4AC2-B1BC-812834290657}.AppStore|iPhone.Build.0 = AppStore|iPhone
		{C4231BE5-119C-4E7A-A185-4AF935C65404}.Debug|Any CPU.ActiveCfg = Debug|Any CPU
		{C4231BE5-119C-4E7A-A185-4AF935C65404}.Debug|Any CPU.Build.0 = Debug|Any CPU
		{C4231BE5-119C-4E7A-A185-4AF935C65404}.Release|Any CPU.ActiveCfg = Release|Any CPU
		{C4231BE5-119C-4E7A-A185-4AF935C65404}.Release|Any CPU.Build.0 = Release|Any CPU
		{C4231BE5-119C-4E7A-A185-4AF935C65404}.Debug|iPhoneSimulator.ActiveCfg = Debug|Any CPU
		{C4231BE5-119C-4E7A-A185-4AF935C65404}.Debug|iPhoneSimulator.Build.0 = Debug|Any CPU
		{C4231BE5-119C-4E7A-A185-4AF935C65404}.Release|iPhoneSimulator.ActiveCfg = Release|Any CPU
		{C4231BE5-119C-4E7A-A185-4AF935C65404}.Release|iPhoneSimulator.Build.0 = Release|Any CPU
		{C4231BE5-119C-4E7A-A185-4AF935C65404}.Debug|iPhone.ActiveCfg = Debug|Any CPU
		{C4231BE5-119C-4E7A-A185-4AF935C65404}.Debug|iPhone.Build.0 = Debug|Any CPU
		{C4231BE5-119C-4E7A-A185-4AF935C65404}.Release|iPhone.ActiveCfg = Release|Any CPU
		{C4231BE5-119C-4E7A-A185-4AF935C65404}.Release|iPhone.Build.0 = Release|Any CPU
		{C4231BE5-119C-4E7A-A185-4AF935C65404}.Ad-Hoc|iPhone.ActiveCfg = Debug|Any CPU
		{C4231BE5-119C-4E7A-A185-4AF935C65404}.Ad-Hoc|iPhone.Build.0 = Debug|Any CPU
		{C4231BE5-119C-4E7A-A185-4AF935C65404}.AppStore|iPhone.ActiveCfg = Debug|Any CPU
		{C4231BE5-119C-4E7A-A185-4AF935C65404}.AppStore|iPhone.Build.0 = Debug|Any CPU
	EndGlobalSection
EndGlobal
